// !$*UTF8*$!
{
	archiveVersion = 1;
	classes = {
	};
	objectVersion = 46;
	objects = {

/* Begin PBXAggregateTarget section */
		"QiitaAPIKit::QiitaAPIKitPackageTests::ProductTarget" /* QiitaAPIKitPackageTests */ = {
			isa = PBXAggregateTarget;
			buildConfigurationList = OBJ_32 /* Build configuration list for PBXAggregateTarget "QiitaAPIKitPackageTests" */;
			buildPhases = (
			);
			dependencies = (
				OBJ_35 /* PBXTargetDependency */,
			);
			name = QiitaAPIKitPackageTests;
			productName = QiitaAPIKitPackageTests;
		};
/* End PBXAggregateTarget section */

/* Begin PBXBuildFile section */
		293BA82D9263B1E6FE47E581 /* Pods_QiitaAPIKitPackageDescription.framework in Frameworks */ = {isa = PBXBuildFile; fileRef = A5200672B553D0B80A78B250 /* Pods_QiitaAPIKitPackageDescription.framework */; };
		BF2592D1232687C90064F498 /* Article.swift in Sources */ = {isa = PBXBuildFile; fileRef = BF2592D0232687C90064F498 /* Article.swift */; };
		BF2592D3232688E60064F498 /* ArticleRequest.swift in Sources */ = {isa = PBXBuildFile; fileRef = BF2592D2232688E60064F498 /* ArticleRequest.swift */; };
		BF2592D52326AA770064F498 /* Error.swift in Sources */ = {isa = PBXBuildFile; fileRef = BF2592D42326AA770064F498 /* Error.swift */; };
		BF4418DF23680B410084C71F /* RequestType.swift in Sources */ = {isa = PBXBuildFile; fileRef = BF4418DE23680B410084C71F /* RequestType.swift */; };
		BF4418E1236831550084C71F /* ArticleStockers.swift in Sources */ = {isa = PBXBuildFile; fileRef = BF4418E0236831550084C71F /* ArticleStockers.swift */; };
		BF4982082377A9FA00E9C46E /* Auth.swift in Sources */ = {isa = PBXBuildFile; fileRef = BF4982072377A9FA00E9C46E /* Auth.swift */; };
		BF49820A2377B83A00E9C46E /* WebKit.framework in Frameworks */ = {isa = PBXBuildFile; fileRef = BF4982092377B83A00E9C46E /* WebKit.framework */; };
		BF4F3909235240F500661971 /* User.swift in Sources */ = {isa = PBXBuildFile; fileRef = BF4F3908235240F500661971 /* User.swift */; };
		BF4F390B2352414100661971 /* ArticleStockersRequest.swift in Sources */ = {isa = PBXBuildFile; fileRef = BF4F390A2352414100661971 /* ArticleStockersRequest.swift */; };
		BF4F390E2352427900661971 /* ArticleStockersTest.swift in Sources */ = {isa = PBXBuildFile; fileRef = BF4F390D2352427900661971 /* ArticleStockersTest.swift */; };
		BF4F390F235242FF00661971 /* GET_stockers.json in Resources */ = {isa = PBXBuildFile; fileRef = BF4F390C2352425700661971 /* GET_stockers.json */; };
		BF646803237E431100ADD18F /* AccessTokenRequest.swift in Sources */ = {isa = PBXBuildFile; fileRef = BF646801237E431100ADD18F /* AccessTokenRequest.swift */; };
		BF646804237E431100ADD18F /* AccessToken.swift in Sources */ = {isa = PBXBuildFile; fileRef = BF646802237E431100ADD18F /* AccessToken.swift */; };
		BF7ACBDB2345CF4000A8395A /* ArticleComment.swift in Sources */ = {isa = PBXBuildFile; fileRef = BF7ACBDA2345CF4000A8395A /* ArticleComment.swift */; };
		BF7ACBDD2345D02900A8395A /* ArticleCommentRequest.swift in Sources */ = {isa = PBXBuildFile; fileRef = BF7ACBDC2345D02900A8395A /* ArticleCommentRequest.swift */; };
		BF7ACBDF2345D29200A8395A /* ArticleCommentsRequestTest.swift in Sources */ = {isa = PBXBuildFile; fileRef = BF7ACBDE2345D29200A8395A /* ArticleCommentsRequestTest.swift */; };
		BF7ACBE12345DC7200A8395A /* GET_article_comments.json in Resources */ = {isa = PBXBuildFile; fileRef = BF7ACBE02345DB9700A8395A /* GET_article_comments.json */; };
		BFBABB2623521FBD0086CD25 /* ArticleLike.swift in Sources */ = {isa = PBXBuildFile; fileRef = BFBABB2523521FBD0086CD25 /* ArticleLike.swift */; };
		BFBABB282352201F0086CD25 /* ArticleLikesRequest.swift in Sources */ = {isa = PBXBuildFile; fileRef = BFBABB272352201F0086CD25 /* ArticleLikesRequest.swift */; };
		BFBABB2B235222580086CD25 /* ArticleLikesRequestTest.swift in Sources */ = {isa = PBXBuildFile; fileRef = BFBABB2A235222580086CD25 /* ArticleLikesRequestTest.swift */; };
		BFBABB2C2352255C0086CD25 /* GET_likes.json in Resources */ = {isa = PBXBuildFile; fileRef = BFBABB29235222440086CD25 /* GET_likes.json */; };
		BFD28CED234A35690040604C /* Tag.swift in Sources */ = {isa = PBXBuildFile; fileRef = BFD28CEC234A35690040604C /* Tag.swift */; };
		BFD28CEF234A369E0040604C /* TagRequest.swift in Sources */ = {isa = PBXBuildFile; fileRef = BFD28CEE234A369E0040604C /* TagRequest.swift */; };
		BFD28CF1234A67E10040604C /* TagRequestTest.swift in Sources */ = {isa = PBXBuildFile; fileRef = BFD28CF0234A67E10040604C /* TagRequestTest.swift */; };
		BFD28CF3234A693E0040604C /* GET_tags.json in Resources */ = {isa = PBXBuildFile; fileRef = BFD28CF2234A68240040604C /* GET_tags.json */; };
		BFDACAFB233F525600B22C45 /* ArticleRequestTest.swift in Sources */ = {isa = PBXBuildFile; fileRef = BFDACAFA233F525600B22C45 /* ArticleRequestTest.swift */; };
		BFDACB01233F5BB400B22C45 /* GET_items.json in Resources */ = {isa = PBXBuildFile; fileRef = BFDACAFE233F581100B22C45 /* GET_items.json */; };
		BFE50749237E406F005B3AE2 /* HttpMethod.swift in Sources */ = {isa = PBXBuildFile; fileRef = BFE50748237E406F005B3AE2 /* HttpMethod.swift */; };
		D6BF88CADDC541904BDB1C7F /* Pods_QiitaAPIKitTests.framework in Frameworks */ = {isa = PBXBuildFile; fileRef = 644E337B9372A515EE690924 /* Pods_QiitaAPIKitTests.framework */; };
		FC08B3AB741B1E6025611FFC /* Pods_QiitaAPIKit.framework in Frameworks */ = {isa = PBXBuildFile; fileRef = F9D9CE7BE97B8D2F91A42D4A /* Pods_QiitaAPIKit.framework */; };
		OBJ_30 /* Package.swift in Sources */ = {isa = PBXBuildFile; fileRef = OBJ_6 /* Package.swift */; };
		OBJ_41 /* QiitaAPIKitTests.swift in Sources */ = {isa = PBXBuildFile; fileRef = OBJ_12 /* QiitaAPIKitTests.swift */; };
		OBJ_42 /* XCTestManifests.swift in Sources */ = {isa = PBXBuildFile; fileRef = OBJ_13 /* XCTestManifests.swift */; };
		OBJ_44 /* QiitaAPIKit.framework in Frameworks */ = {isa = PBXBuildFile; fileRef = "QiitaAPIKit::QiitaAPIKit::Product" /* QiitaAPIKit.framework */; };
/* End PBXBuildFile section */

/* Begin PBXContainerItemProxy section */
		BF2592CB2326720D0064F498 /* PBXContainerItemProxy */ = {
			isa = PBXContainerItemProxy;
			containerPortal = OBJ_1 /* Project object */;
			proxyType = 1;
			remoteGlobalIDString = "QiitaAPIKit::QiitaAPIKit";
			remoteInfo = QiitaAPIKit;
		};
		BF2592CC2326720E0064F498 /* PBXContainerItemProxy */ = {
			isa = PBXContainerItemProxy;
			containerPortal = OBJ_1 /* Project object */;
			proxyType = 1;
			remoteGlobalIDString = "QiitaAPIKit::QiitaAPIKitTests";
			remoteInfo = QiitaAPIKitTests;
		};
/* End PBXContainerItemProxy section */

/* Begin PBXFileReference section */
		06618318AFBF013DDE2309B3 /* Pods-QiitaAPIKit.debug.xcconfig */ = {isa = PBXFileReference; includeInIndex = 1; lastKnownFileType = text.xcconfig; name = "Pods-QiitaAPIKit.debug.xcconfig"; path = "Target Support Files/Pods-QiitaAPIKit/Pods-QiitaAPIKit.debug.xcconfig"; sourceTree = "<group>"; };
		2E6A2ABC88918FC3E8496F3E /* Pods-QiitaAPIKitPackageDescription.release.xcconfig */ = {isa = PBXFileReference; includeInIndex = 1; lastKnownFileType = text.xcconfig; name = "Pods-QiitaAPIKitPackageDescription.release.xcconfig"; path = "Target Support Files/Pods-QiitaAPIKitPackageDescription/Pods-QiitaAPIKitPackageDescription.release.xcconfig"; sourceTree = "<group>"; };
		4BE9D68FF795D98A61DD51BB /* Pods-QiitaAPIKitTests.debug.xcconfig */ = {isa = PBXFileReference; includeInIndex = 1; lastKnownFileType = text.xcconfig; name = "Pods-QiitaAPIKitTests.debug.xcconfig"; path = "Target Support Files/Pods-QiitaAPIKitTests/Pods-QiitaAPIKitTests.debug.xcconfig"; sourceTree = "<group>"; };
		644E337B9372A515EE690924 /* Pods_QiitaAPIKitTests.framework */ = {isa = PBXFileReference; explicitFileType = wrapper.framework; includeInIndex = 0; path = Pods_QiitaAPIKitTests.framework; sourceTree = BUILT_PRODUCTS_DIR; };
		6DF1D51BB3731B14C5148BCB /* Pods-QiitaAPIKit.release.xcconfig */ = {isa = PBXFileReference; includeInIndex = 1; lastKnownFileType = text.xcconfig; name = "Pods-QiitaAPIKit.release.xcconfig"; path = "Target Support Files/Pods-QiitaAPIKit/Pods-QiitaAPIKit.release.xcconfig"; sourceTree = "<group>"; };
		92A86D115D3D6F3DB9DA8EF4 /* Pods-QiitaAPIKitPackageDescription.debug.xcconfig */ = {isa = PBXFileReference; includeInIndex = 1; lastKnownFileType = text.xcconfig; name = "Pods-QiitaAPIKitPackageDescription.debug.xcconfig"; path = "Target Support Files/Pods-QiitaAPIKitPackageDescription/Pods-QiitaAPIKitPackageDescription.debug.xcconfig"; sourceTree = "<group>"; };
		A5200672B553D0B80A78B250 /* Pods_QiitaAPIKitPackageDescription.framework */ = {isa = PBXFileReference; explicitFileType = wrapper.framework; includeInIndex = 0; path = Pods_QiitaAPIKitPackageDescription.framework; sourceTree = BUILT_PRODUCTS_DIR; };
		BF2592D0232687C90064F498 /* Article.swift */ = {isa = PBXFileReference; lastKnownFileType = sourcecode.swift; path = Article.swift; sourceTree = "<group>"; };
		BF2592D2232688E60064F498 /* ArticleRequest.swift */ = {isa = PBXFileReference; lastKnownFileType = sourcecode.swift; path = ArticleRequest.swift; sourceTree = "<group>"; };
		BF2592D42326AA770064F498 /* Error.swift */ = {isa = PBXFileReference; lastKnownFileType = sourcecode.swift; path = Error.swift; sourceTree = "<group>"; };
		BF4418DE23680B410084C71F /* RequestType.swift */ = {isa = PBXFileReference; lastKnownFileType = sourcecode.swift; path = RequestType.swift; sourceTree = "<group>"; };
		BF4418E0236831550084C71F /* ArticleStockers.swift */ = {isa = PBXFileReference; lastKnownFileType = sourcecode.swift; path = ArticleStockers.swift; sourceTree = "<group>"; };
		BF4982072377A9FA00E9C46E /* Auth.swift */ = {isa = PBXFileReference; lastKnownFileType = sourcecode.swift; path = Auth.swift; sourceTree = "<group>"; };
		BF4982092377B83A00E9C46E /* WebKit.framework */ = {isa = PBXFileReference; lastKnownFileType = wrapper.framework; name = WebKit.framework; path = System/Library/Frameworks/WebKit.framework; sourceTree = SDKROOT; };
		BF4F3908235240F500661971 /* User.swift */ = {isa = PBXFileReference; lastKnownFileType = sourcecode.swift; path = User.swift; sourceTree = "<group>"; };
		BF4F390A2352414100661971 /* ArticleStockersRequest.swift */ = {isa = PBXFileReference; lastKnownFileType = sourcecode.swift; path = ArticleStockersRequest.swift; sourceTree = "<group>"; };
		BF4F390C2352425700661971 /* GET_stockers.json */ = {isa = PBXFileReference; lastKnownFileType = text.json; path = GET_stockers.json; sourceTree = "<group>"; };
		BF4F390D2352427900661971 /* ArticleStockersTest.swift */ = {isa = PBXFileReference; lastKnownFileType = sourcecode.swift; path = ArticleStockersTest.swift; sourceTree = "<group>"; };
		BF646801237E431100ADD18F /* AccessTokenRequest.swift */ = {isa = PBXFileReference; fileEncoding = 4; lastKnownFileType = sourcecode.swift; path = AccessTokenRequest.swift; sourceTree = "<group>"; };
		BF646802237E431100ADD18F /* AccessToken.swift */ = {isa = PBXFileReference; fileEncoding = 4; lastKnownFileType = sourcecode.swift; path = AccessToken.swift; sourceTree = "<group>"; };
		BF7ACBDA2345CF4000A8395A /* ArticleComment.swift */ = {isa = PBXFileReference; lastKnownFileType = sourcecode.swift; path = ArticleComment.swift; sourceTree = "<group>"; };
		BF7ACBDC2345D02900A8395A /* ArticleCommentRequest.swift */ = {isa = PBXFileReference; lastKnownFileType = sourcecode.swift; path = ArticleCommentRequest.swift; sourceTree = "<group>"; };
		BF7ACBDE2345D29200A8395A /* ArticleCommentsRequestTest.swift */ = {isa = PBXFileReference; lastKnownFileType = sourcecode.swift; path = ArticleCommentsRequestTest.swift; sourceTree = "<group>"; };
		BF7ACBE02345DB9700A8395A /* GET_article_comments.json */ = {isa = PBXFileReference; lastKnownFileType = text.json; path = GET_article_comments.json; sourceTree = "<group>"; };
		BFBABB2523521FBD0086CD25 /* ArticleLike.swift */ = {isa = PBXFileReference; fileEncoding = 4; lastKnownFileType = sourcecode.swift; path = ArticleLike.swift; sourceTree = "<group>"; };
		BFBABB272352201F0086CD25 /* ArticleLikesRequest.swift */ = {isa = PBXFileReference; lastKnownFileType = sourcecode.swift; path = ArticleLikesRequest.swift; sourceTree = "<group>"; };
		BFBABB29235222440086CD25 /* GET_likes.json */ = {isa = PBXFileReference; lastKnownFileType = text.json; path = GET_likes.json; sourceTree = "<group>"; };
		BFBABB2A235222580086CD25 /* ArticleLikesRequestTest.swift */ = {isa = PBXFileReference; lastKnownFileType = sourcecode.swift; path = ArticleLikesRequestTest.swift; sourceTree = "<group>"; };
		BFD28CEC234A35690040604C /* Tag.swift */ = {isa = PBXFileReference; lastKnownFileType = sourcecode.swift; path = Tag.swift; sourceTree = "<group>"; };
		BFD28CEE234A369E0040604C /* TagRequest.swift */ = {isa = PBXFileReference; lastKnownFileType = sourcecode.swift; path = TagRequest.swift; sourceTree = "<group>"; };
		BFD28CF0234A67E10040604C /* TagRequestTest.swift */ = {isa = PBXFileReference; lastKnownFileType = sourcecode.swift; name = TagRequestTest.swift; path = Tests/QiitaAPIKitTests/TagRequestTest.swift; sourceTree = SOURCE_ROOT; };
		BFD28CF2234A68240040604C /* GET_tags.json */ = {isa = PBXFileReference; lastKnownFileType = text.json; path = GET_tags.json; sourceTree = "<group>"; };
		BFDACAFA233F525600B22C45 /* ArticleRequestTest.swift */ = {isa = PBXFileReference; lastKnownFileType = sourcecode.swift; path = ArticleRequestTest.swift; sourceTree = "<group>"; };
		BFDACAFE233F581100B22C45 /* GET_items.json */ = {isa = PBXFileReference; fileEncoding = 4; lastKnownFileType = text.json; path = GET_items.json; sourceTree = "<group>"; };
		BFE50748237E406F005B3AE2 /* HttpMethod.swift */ = {isa = PBXFileReference; lastKnownFileType = sourcecode.swift; path = HttpMethod.swift; sourceTree = "<group>"; };
		EAF0720F2F8179955A9B586F /* Pods-QiitaAPIKitTests.release.xcconfig */ = {isa = PBXFileReference; includeInIndex = 1; lastKnownFileType = text.xcconfig; name = "Pods-QiitaAPIKitTests.release.xcconfig"; path = "Target Support Files/Pods-QiitaAPIKitTests/Pods-QiitaAPIKitTests.release.xcconfig"; sourceTree = "<group>"; };
		F9D9CE7BE97B8D2F91A42D4A /* Pods_QiitaAPIKit.framework */ = {isa = PBXFileReference; explicitFileType = wrapper.framework; includeInIndex = 0; path = Pods_QiitaAPIKit.framework; sourceTree = BUILT_PRODUCTS_DIR; };
		OBJ_12 /* QiitaAPIKitTests.swift */ = {isa = PBXFileReference; lastKnownFileType = sourcecode.swift; path = QiitaAPIKitTests.swift; sourceTree = "<group>"; };
		OBJ_13 /* XCTestManifests.swift */ = {isa = PBXFileReference; lastKnownFileType = sourcecode.swift; path = XCTestManifests.swift; sourceTree = "<group>"; };
		OBJ_17 /* README.md */ = {isa = PBXFileReference; lastKnownFileType = net.daringfireball.markdown; path = README.md; sourceTree = "<group>"; };
		OBJ_6 /* Package.swift */ = {isa = PBXFileReference; explicitFileType = sourcecode.swift; path = Package.swift; sourceTree = "<group>"; };
		"QiitaAPIKit::QiitaAPIKit::Product" /* QiitaAPIKit.framework */ = {isa = PBXFileReference; explicitFileType = wrapper.framework; path = QiitaAPIKit.framework; sourceTree = BUILT_PRODUCTS_DIR; };
		"QiitaAPIKit::QiitaAPIKitTests::Product" /* QiitaAPIKitTests.xctest */ = {isa = PBXFileReference; explicitFileType = wrapper.cfbundle; path = QiitaAPIKitTests.xctest; sourceTree = BUILT_PRODUCTS_DIR; };
/* End PBXFileReference section */

/* Begin PBXFrameworksBuildPhase section */
		19204FDD39F5067DA39CB3E6 /* Frameworks */ = {
			isa = PBXFrameworksBuildPhase;
			buildActionMask = 2147483647;
			files = (
				293BA82D9263B1E6FE47E581 /* Pods_QiitaAPIKitPackageDescription.framework in Frameworks */,
			);
			runOnlyForDeploymentPostprocessing = 0;
		};
		OBJ_24 /* Frameworks */ = {
			isa = PBXFrameworksBuildPhase;
			buildActionMask = 0;
			files = (
				BF49820A2377B83A00E9C46E /* WebKit.framework in Frameworks */,
				FC08B3AB741B1E6025611FFC /* Pods_QiitaAPIKit.framework in Frameworks */,
			);
			runOnlyForDeploymentPostprocessing = 0;
		};
		OBJ_43 /* Frameworks */ = {
			isa = PBXFrameworksBuildPhase;
			buildActionMask = 0;
			files = (
				OBJ_44 /* QiitaAPIKit.framework in Frameworks */,
				D6BF88CADDC541904BDB1C7F /* Pods_QiitaAPIKitTests.framework in Frameworks */,
			);
			runOnlyForDeploymentPostprocessing = 0;
		};
/* End PBXFrameworksBuildPhase section */

/* Begin PBXGroup section */
		39FD74CA3554C67D781D5C2D /* Frameworks */ = {
			isa = PBXGroup;
			children = (
				BF4982092377B83A00E9C46E /* WebKit.framework */,
				F9D9CE7BE97B8D2F91A42D4A /* Pods_QiitaAPIKit.framework */,
				A5200672B553D0B80A78B250 /* Pods_QiitaAPIKitPackageDescription.framework */,
				644E337B9372A515EE690924 /* Pods_QiitaAPIKitTests.framework */,
			);
			name = Frameworks;
			sourceTree = "<group>";
		};
		4AB1879B00A3D7A159C5A4B2 /* Pods */ = {
			isa = PBXGroup;
			children = (
				06618318AFBF013DDE2309B3 /* Pods-QiitaAPIKit.debug.xcconfig */,
				6DF1D51BB3731B14C5148BCB /* Pods-QiitaAPIKit.release.xcconfig */,
				92A86D115D3D6F3DB9DA8EF4 /* Pods-QiitaAPIKitPackageDescription.debug.xcconfig */,
				2E6A2ABC88918FC3E8496F3E /* Pods-QiitaAPIKitPackageDescription.release.xcconfig */,
				4BE9D68FF795D98A61DD51BB /* Pods-QiitaAPIKitTests.debug.xcconfig */,
				EAF0720F2F8179955A9B586F /* Pods-QiitaAPIKitTests.release.xcconfig */,
			);
			path = Pods;
			sourceTree = "<group>";
		};
		BFDACAFC233F554500B22C45 /* StubResponses */ = {
			isa = PBXGroup;
			children = (
				BF7ACBE02345DB9700A8395A /* GET_article_comments.json */,
				BFDACAFE233F581100B22C45 /* GET_items.json */,
				BFBABB29235222440086CD25 /* GET_likes.json */,
				BF4F390C2352425700661971 /* GET_stockers.json */,
				BFD28CF2234A68240040604C /* GET_tags.json */,
			);
			path = StubResponses;
			sourceTree = "<group>";
		};
		OBJ_10 /* Tests */ = {
			isa = PBXGroup;
			children = (
				OBJ_11 /* QiitaAPIKitTests */,
			);
			name = Tests;
			sourceTree = SOURCE_ROOT;
		};
		OBJ_11 /* QiitaAPIKitTests */ = {
			isa = PBXGroup;
			children = (
				BFDACAFC233F554500B22C45 /* StubResponses */,
				BFDACAFA233F525600B22C45 /* ArticleRequestTest.swift */,
				BF7ACBDE2345D29200A8395A /* ArticleCommentsRequestTest.swift */,
				BFBABB2A235222580086CD25 /* ArticleLikesRequestTest.swift */,
				BF4F390D2352427900661971 /* ArticleStockersTest.swift */,
				OBJ_12 /* QiitaAPIKitTests.swift */,
				BFD28CF0234A67E10040604C /* TagRequestTest.swift */,
				OBJ_13 /* XCTestManifests.swift */,
			);
			name = QiitaAPIKitTests;
			path = Tests/QiitaAPIKitTests;
			sourceTree = SOURCE_ROOT;
		};
		OBJ_14 /* Products */ = {
			isa = PBXGroup;
			children = (
				"QiitaAPIKit::QiitaAPIKitTests::Product" /* QiitaAPIKitTests.xctest */,
				"QiitaAPIKit::QiitaAPIKit::Product" /* QiitaAPIKit.framework */,
			);
			name = Products;
			sourceTree = BUILT_PRODUCTS_DIR;
		};
		OBJ_5 = {
			isa = PBXGroup;
			children = (
				OBJ_6 /* Package.swift */,
				OBJ_7 /* Sources */,
				OBJ_10 /* Tests */,
				OBJ_14 /* Products */,
				OBJ_17 /* README.md */,
				4AB1879B00A3D7A159C5A4B2 /* Pods */,
				39FD74CA3554C67D781D5C2D /* Frameworks */,
			);
			sourceTree = "<group>";
		};
		OBJ_7 /* Sources */ = {
			isa = PBXGroup;
			children = (
				OBJ_8 /* QiitaAPIKit */,
			);
			name = Sources;
			sourceTree = SOURCE_ROOT;
		};
		OBJ_8 /* QiitaAPIKit */ = {
			isa = PBXGroup;
			children = (
				BF646802237E431100ADD18F /* AccessToken.swift */,
				BF646801237E431100ADD18F /* AccessTokenRequest.swift */,
				BF4982072377A9FA00E9C46E /* Auth.swift */,
				BF2592D0232687C90064F498 /* Article.swift */,
				BF2592D2232688E60064F498 /* ArticleRequest.swift */,
				BF7ACBDA2345CF4000A8395A /* ArticleComment.swift */,
				BF7ACBDC2345D02900A8395A /* ArticleCommentRequest.swift */,
				BFBABB2523521FBD0086CD25 /* ArticleLike.swift */,
				BFBABB272352201F0086CD25 /* ArticleLikesRequest.swift */,
				BF4418E0236831550084C71F /* ArticleStockers.swift */,
				BF4F390A2352414100661971 /* ArticleStockersRequest.swift */,
				BF2592D42326AA770064F498 /* Error.swift */,
				BFE50748237E406F005B3AE2 /* HttpMethod.swift */,
				BF4418DE23680B410084C71F /* RequestType.swift */,
				BFD28CEC234A35690040604C /* Tag.swift */,
				BFD28CEE234A369E0040604C /* TagRequest.swift */,
				BF4F3908235240F500661971 /* User.swift */,
			);
			name = QiitaAPIKit;
			path = Sources/QiitaAPIKit;
			sourceTree = SOURCE_ROOT;
		};
/* End PBXGroup section */

/* Begin PBXNativeTarget section */
		"QiitaAPIKit::QiitaAPIKit" /* QiitaAPIKit */ = {
			isa = PBXNativeTarget;
			buildConfigurationList = OBJ_19 /* Build configuration list for PBXNativeTarget "QiitaAPIKit" */;
			buildPhases = (
				E5283EA75BCEEA634AA131E0 /* [CP] Check Pods Manifest.lock */,
				OBJ_22 /* Sources */,
				OBJ_24 /* Frameworks */,
			);
			buildRules = (
			);
			dependencies = (
			);
			name = QiitaAPIKit;
			productName = QiitaAPIKit;
			productReference = "QiitaAPIKit::QiitaAPIKit::Product" /* QiitaAPIKit.framework */;
			productType = "com.apple.product-type.framework";
		};
		"QiitaAPIKit::QiitaAPIKitTests" /* QiitaAPIKitTests */ = {
			isa = PBXNativeTarget;
			buildConfigurationList = OBJ_37 /* Build configuration list for PBXNativeTarget "QiitaAPIKitTests" */;
			buildPhases = (
				9A70EE2002F6BEDB1D8AE044 /* [CP] Check Pods Manifest.lock */,
				OBJ_40 /* Sources */,
				OBJ_43 /* Frameworks */,
				25747C73A224C819F9A2200F /* [CP] Embed Pods Frameworks */,
				BFDACB00233F5BAF00B22C45 /* Resources */,
			);
			buildRules = (
			);
			dependencies = (
				OBJ_45 /* PBXTargetDependency */,
			);
			name = QiitaAPIKitTests;
			productName = QiitaAPIKitTests;
			productReference = "QiitaAPIKit::QiitaAPIKitTests::Product" /* QiitaAPIKitTests.xctest */;
			productType = "com.apple.product-type.bundle.unit-test";
		};
		"QiitaAPIKit::SwiftPMPackageDescription" /* QiitaAPIKitPackageDescription */ = {
			isa = PBXNativeTarget;
			buildConfigurationList = OBJ_26 /* Build configuration list for PBXNativeTarget "QiitaAPIKitPackageDescription" */;
			buildPhases = (
				C353782B7D7EB93469AFFCEF /* [CP] Check Pods Manifest.lock */,
				OBJ_29 /* Sources */,
				19204FDD39F5067DA39CB3E6 /* Frameworks */,
			);
			buildRules = (
			);
			dependencies = (
			);
			name = QiitaAPIKitPackageDescription;
			productName = QiitaAPIKitPackageDescription;
			productType = "com.apple.product-type.framework";
		};
/* End PBXNativeTarget section */

/* Begin PBXProject section */
		OBJ_1 /* Project object */ = {
			isa = PBXProject;
			attributes = {
				LastSwiftMigration = 9999;
				LastUpgradeCheck = 9999;
				TargetAttributes = {
					"QiitaAPIKit::QiitaAPIKit" = {
						DevelopmentTeam = DFY27HWN2G;
					};
					"QiitaAPIKit::QiitaAPIKitTests" = {
						DevelopmentTeam = DFY27HWN2G;
					};
				};
			};
			buildConfigurationList = OBJ_2 /* Build configuration list for PBXProject "QiitaAPIKit" */;
			compatibilityVersion = "Xcode 3.2";
			developmentRegion = English;
			hasScannedForEncodings = 0;
			knownRegions = (
				English,
				en,
			);
			mainGroup = OBJ_5;
			productRefGroup = OBJ_14 /* Products */;
			projectDirPath = "";
			projectRoot = "";
			targets = (
				"QiitaAPIKit::QiitaAPIKit" /* QiitaAPIKit */,
				"QiitaAPIKit::SwiftPMPackageDescription" /* QiitaAPIKitPackageDescription */,
				"QiitaAPIKit::QiitaAPIKitPackageTests::ProductTarget" /* QiitaAPIKitPackageTests */,
				"QiitaAPIKit::QiitaAPIKitTests" /* QiitaAPIKitTests */,
			);
		};
/* End PBXProject section */

/* Begin PBXResourcesBuildPhase section */
		BFDACB00233F5BAF00B22C45 /* Resources */ = {
			isa = PBXResourcesBuildPhase;
			buildActionMask = 2147483647;
			files = (
				BF4F390F235242FF00661971 /* GET_stockers.json in Resources */,
				BFBABB2C2352255C0086CD25 /* GET_likes.json in Resources */,
				BFD28CF3234A693E0040604C /* GET_tags.json in Resources */,
				BF7ACBE12345DC7200A8395A /* GET_article_comments.json in Resources */,
				BFDACB01233F5BB400B22C45 /* GET_items.json in Resources */,
			);
			runOnlyForDeploymentPostprocessing = 0;
		};
/* End PBXResourcesBuildPhase section */

/* Begin PBXShellScriptBuildPhase section */
		25747C73A224C819F9A2200F /* [CP] Embed Pods Frameworks */ = {
			isa = PBXShellScriptBuildPhase;
			buildActionMask = 2147483647;
			files = (
			);
			inputPaths = (
				"${PODS_ROOT}/Target Support Files/Pods-QiitaAPIKitTests/Pods-QiitaAPIKitTests-frameworks.sh",
				"${BUILT_PRODUCTS_DIR}/OHHTTPStubs/OHHTTPStubs.framework",
			);
			name = "[CP] Embed Pods Frameworks";
			outputPaths = (
				"${TARGET_BUILD_DIR}/${FRAMEWORKS_FOLDER_PATH}/OHHTTPStubs.framework",
			);
			runOnlyForDeploymentPostprocessing = 0;
			shellPath = /bin/sh;
			shellScript = "\"${PODS_ROOT}/Target Support Files/Pods-QiitaAPIKitTests/Pods-QiitaAPIKitTests-frameworks.sh\"\n";
			showEnvVarsInLog = 0;
		};
		9A70EE2002F6BEDB1D8AE044 /* [CP] Check Pods Manifest.lock */ = {
			isa = PBXShellScriptBuildPhase;
			buildActionMask = 2147483647;
			files = (
			);
			inputFileListPaths = (
			);
			inputPaths = (
				"${PODS_PODFILE_DIR_PATH}/Podfile.lock",
				"${PODS_ROOT}/Manifest.lock",
			);
			name = "[CP] Check Pods Manifest.lock";
			outputFileListPaths = (
			);
			outputPaths = (
				"$(DERIVED_FILE_DIR)/Pods-QiitaAPIKitTests-checkManifestLockResult.txt",
			);
			runOnlyForDeploymentPostprocessing = 0;
			shellPath = /bin/sh;
			shellScript = "diff \"${PODS_PODFILE_DIR_PATH}/Podfile.lock\" \"${PODS_ROOT}/Manifest.lock\" > /dev/null\nif [ $? != 0 ] ; then\n    # print error to STDERR\n    echo \"error: The sandbox is not in sync with the Podfile.lock. Run 'pod install' or update your CocoaPods installation.\" >&2\n    exit 1\nfi\n# This output is used by Xcode 'outputs' to avoid re-running this script phase.\necho \"SUCCESS\" > \"${SCRIPT_OUTPUT_FILE_0}\"\n";
			showEnvVarsInLog = 0;
		};
		C353782B7D7EB93469AFFCEF /* [CP] Check Pods Manifest.lock */ = {
			isa = PBXShellScriptBuildPhase;
			buildActionMask = 2147483647;
			files = (
			);
			inputFileListPaths = (
			);
			inputPaths = (
				"${PODS_PODFILE_DIR_PATH}/Podfile.lock",
				"${PODS_ROOT}/Manifest.lock",
			);
			name = "[CP] Check Pods Manifest.lock";
			outputFileListPaths = (
			);
			outputPaths = (
				"$(DERIVED_FILE_DIR)/Pods-QiitaAPIKitPackageDescription-checkManifestLockResult.txt",
			);
			runOnlyForDeploymentPostprocessing = 0;
			shellPath = /bin/sh;
			shellScript = "diff \"${PODS_PODFILE_DIR_PATH}/Podfile.lock\" \"${PODS_ROOT}/Manifest.lock\" > /dev/null\nif [ $? != 0 ] ; then\n    # print error to STDERR\n    echo \"error: The sandbox is not in sync with the Podfile.lock. Run 'pod install' or update your CocoaPods installation.\" >&2\n    exit 1\nfi\n# This output is used by Xcode 'outputs' to avoid re-running this script phase.\necho \"SUCCESS\" > \"${SCRIPT_OUTPUT_FILE_0}\"\n";
			showEnvVarsInLog = 0;
		};
		E5283EA75BCEEA634AA131E0 /* [CP] Check Pods Manifest.lock */ = {
			isa = PBXShellScriptBuildPhase;
			buildActionMask = 2147483647;
			files = (
			);
			inputFileListPaths = (
			);
			inputPaths = (
				"${PODS_PODFILE_DIR_PATH}/Podfile.lock",
				"${PODS_ROOT}/Manifest.lock",
			);
			name = "[CP] Check Pods Manifest.lock";
			outputFileListPaths = (
			);
			outputPaths = (
				"$(DERIVED_FILE_DIR)/Pods-QiitaAPIKit-checkManifestLockResult.txt",
			);
			runOnlyForDeploymentPostprocessing = 0;
			shellPath = /bin/sh;
			shellScript = "diff \"${PODS_PODFILE_DIR_PATH}/Podfile.lock\" \"${PODS_ROOT}/Manifest.lock\" > /dev/null\nif [ $? != 0 ] ; then\n    # print error to STDERR\n    echo \"error: The sandbox is not in sync with the Podfile.lock. Run 'pod install' or update your CocoaPods installation.\" >&2\n    exit 1\nfi\n# This output is used by Xcode 'outputs' to avoid re-running this script phase.\necho \"SUCCESS\" > \"${SCRIPT_OUTPUT_FILE_0}\"\n";
			showEnvVarsInLog = 0;
		};
/* End PBXShellScriptBuildPhase section */

/* Begin PBXSourcesBuildPhase section */
		OBJ_22 /* Sources */ = {
			isa = PBXSourcesBuildPhase;
			buildActionMask = 0;
			files = (
				BFD28CEF234A369E0040604C /* TagRequest.swift in Sources */,
				BFBABB282352201F0086CD25 /* ArticleLikesRequest.swift in Sources */,
				BF4418DF23680B410084C71F /* RequestType.swift in Sources */,
				BF7ACBDD2345D02900A8395A /* ArticleCommentRequest.swift in Sources */,
				BFE50749237E406F005B3AE2 /* HttpMethod.swift in Sources */,
				BF646803237E431100ADD18F /* AccessTokenRequest.swift in Sources */,
				BF7ACBDB2345CF4000A8395A /* ArticleComment.swift in Sources */,
				BF4982082377A9FA00E9C46E /* Auth.swift in Sources */,
				BF2592D52326AA770064F498 /* Error.swift in Sources */,
				BFD28CED234A35690040604C /* Tag.swift in Sources */,
				BFBABB2623521FBD0086CD25 /* ArticleLike.swift in Sources */,
				BF646804237E431100ADD18F /* AccessToken.swift in Sources */,
				BF4418E1236831550084C71F /* ArticleStockers.swift in Sources */,
				BF2592D1232687C90064F498 /* Article.swift in Sources */,
				BF2592D3232688E60064F498 /* ArticleRequest.swift in Sources */,
				BF4F390B2352414100661971 /* ArticleStockersRequest.swift in Sources */,
				BF4F3909235240F500661971 /* User.swift in Sources */,
			);
			runOnlyForDeploymentPostprocessing = 0;
		};
		OBJ_29 /* Sources */ = {
			isa = PBXSourcesBuildPhase;
			buildActionMask = 0;
			files = (
				OBJ_30 /* Package.swift in Sources */,
			);
			runOnlyForDeploymentPostprocessing = 0;
		};
		OBJ_40 /* Sources */ = {
			isa = PBXSourcesBuildPhase;
			buildActionMask = 0;
			files = (
				BF4F390E2352427900661971 /* ArticleStockersTest.swift in Sources */,
				BF7ACBDF2345D29200A8395A /* ArticleCommentsRequestTest.swift in Sources */,
				OBJ_41 /* QiitaAPIKitTests.swift in Sources */,
				BFDACAFB233F525600B22C45 /* ArticleRequestTest.swift in Sources */,
				BFD28CF1234A67E10040604C /* TagRequestTest.swift in Sources */,
				OBJ_42 /* XCTestManifests.swift in Sources */,
				BFBABB2B235222580086CD25 /* ArticleLikesRequestTest.swift in Sources */,
			);
			runOnlyForDeploymentPostprocessing = 0;
		};
/* End PBXSourcesBuildPhase section */

/* Begin PBXTargetDependency section */
		OBJ_35 /* PBXTargetDependency */ = {
			isa = PBXTargetDependency;
			target = "QiitaAPIKit::QiitaAPIKitTests" /* QiitaAPIKitTests */;
			targetProxy = BF2592CC2326720E0064F498 /* PBXContainerItemProxy */;
		};
		OBJ_45 /* PBXTargetDependency */ = {
			isa = PBXTargetDependency;
			target = "QiitaAPIKit::QiitaAPIKit" /* QiitaAPIKit */;
			targetProxy = BF2592CB2326720D0064F498 /* PBXContainerItemProxy */;
		};
/* End PBXTargetDependency section */

/* Begin XCBuildConfiguration section */
		OBJ_20 /* Debug */ = {
			isa = XCBuildConfiguration;
			baseConfigurationReference = 06618318AFBF013DDE2309B3 /* Pods-QiitaAPIKit.debug.xcconfig */;
			buildSettings = {
				CODE_SIGN_IDENTITY = "Apple Development";
				DEVELOPMENT_TEAM = DFY27HWN2G;
				ENABLE_TESTABILITY = YES;
				FRAMEWORK_SEARCH_PATHS = (
					"$(inherited)",
					"$(PLATFORM_DIR)/Developer/Library/Frameworks",
				);
				HEADER_SEARCH_PATHS = "$(inherited)";
				INFOPLIST_FILE = QiitaAPIKit.xcodeproj/QiitaAPIKit_Info.plist;
				IPHONEOS_DEPLOYMENT_TARGET = 10.3;
				LD_RUNPATH_SEARCH_PATHS = "$(inherited) $(TOOLCHAIN_DIR)/usr/lib/swift/macosx";
				MACOSX_DEPLOYMENT_TARGET = 10.10;
				OTHER_CFLAGS = "$(inherited)";
				OTHER_LDFLAGS = "$(inherited)";
				OTHER_SWIFT_FLAGS = "$(inherited)";
				PRODUCT_BUNDLE_IDENTIFIER = QiitaAPIKit;
				PRODUCT_MODULE_NAME = "$(TARGET_NAME:c99extidentifier)";
				PRODUCT_NAME = "$(TARGET_NAME:c99extidentifier)";
				SDKROOT = iphoneos;
				SKIP_INSTALL = YES;
				SUPPORTED_PLATFORMS = "iphonesimulator iphoneos";
				SWIFT_ACTIVE_COMPILATION_CONDITIONS = "$(inherited)";
				SWIFT_VERSION = 5.0;
				TARGETED_DEVICE_FAMILY = "1,2";
				TARGET_NAME = QiitaAPIKit;
				TVOS_DEPLOYMENT_TARGET = 9.0;
				WATCHOS_DEPLOYMENT_TARGET = 2.0;
			};
			name = Debug;
		};
		OBJ_21 /* Release */ = {
			isa = XCBuildConfiguration;
			baseConfigurationReference = 6DF1D51BB3731B14C5148BCB /* Pods-QiitaAPIKit.release.xcconfig */;
			buildSettings = {
				CODE_SIGN_IDENTITY = "Apple Development";
				DEVELOPMENT_TEAM = DFY27HWN2G;
				ENABLE_TESTABILITY = YES;
				FRAMEWORK_SEARCH_PATHS = (
					"$(inherited)",
					"$(PLATFORM_DIR)/Developer/Library/Frameworks",
				);
				HEADER_SEARCH_PATHS = "$(inherited)";
				INFOPLIST_FILE = QiitaAPIKit.xcodeproj/QiitaAPIKit_Info.plist;
				IPHONEOS_DEPLOYMENT_TARGET = 10.3;
				LD_RUNPATH_SEARCH_PATHS = "$(inherited) $(TOOLCHAIN_DIR)/usr/lib/swift/macosx";
				MACOSX_DEPLOYMENT_TARGET = 10.10;
				OTHER_CFLAGS = "$(inherited)";
				OTHER_LDFLAGS = "$(inherited)";
				OTHER_SWIFT_FLAGS = "$(inherited)";
				PRODUCT_BUNDLE_IDENTIFIER = QiitaAPIKit;
				PRODUCT_MODULE_NAME = "$(TARGET_NAME:c99extidentifier)";
				PRODUCT_NAME = "$(TARGET_NAME:c99extidentifier)";
				SDKROOT = iphoneos;
				SKIP_INSTALL = YES;
				SUPPORTED_PLATFORMS = "iphonesimulator iphoneos";
				SWIFT_ACTIVE_COMPILATION_CONDITIONS = "$(inherited)";
				SWIFT_VERSION = 5.0;
				TARGETED_DEVICE_FAMILY = "1,2";
				TARGET_NAME = QiitaAPIKit;
				TVOS_DEPLOYMENT_TARGET = 9.0;
				WATCHOS_DEPLOYMENT_TARGET = 2.0;
			};
			name = Release;
		};
		OBJ_27 /* Debug */ = {
			isa = XCBuildConfiguration;
			baseConfigurationReference = 92A86D115D3D6F3DB9DA8EF4 /* Pods-QiitaAPIKitPackageDescription.debug.xcconfig */;
			buildSettings = {
				LD = /usr/bin/true;
				OTHER_SWIFT_FLAGS = "-swift-version 5 -I $(TOOLCHAIN_DIR)/usr/lib/swift/pm/4_2 -target x86_64-apple-macosx10.10 -sdk /Applications/Xcode.app/Contents/Developer/Platforms/MacOSX.platform/Developer/SDKs/MacOSX10.14.sdk";
				SWIFT_VERSION = 5.0;
			};
			name = Debug;
		};
		OBJ_28 /* Release */ = {
			isa = XCBuildConfiguration;
			baseConfigurationReference = 2E6A2ABC88918FC3E8496F3E /* Pods-QiitaAPIKitPackageDescription.release.xcconfig */;
			buildSettings = {
				LD = /usr/bin/true;
				OTHER_SWIFT_FLAGS = "-swift-version 5 -I $(TOOLCHAIN_DIR)/usr/lib/swift/pm/4_2 -target x86_64-apple-macosx10.10 -sdk /Applications/Xcode.app/Contents/Developer/Platforms/MacOSX.platform/Developer/SDKs/MacOSX10.14.sdk";
				SWIFT_VERSION = 5.0;
			};
			name = Release;
		};
		OBJ_3 /* Debug */ = {
			isa = XCBuildConfiguration;
			buildSettings = {
				CLANG_ENABLE_OBJC_ARC = YES;
				COMBINE_HIDPI_IMAGES = YES;
				COPY_PHASE_STRIP = NO;
				DEBUG_INFORMATION_FORMAT = dwarf;
				DYLIB_INSTALL_NAME_BASE = "@rpath";
				ENABLE_NS_ASSERTIONS = YES;
				GCC_OPTIMIZATION_LEVEL = 0;
				GCC_PREPROCESSOR_DEFINITIONS = (
					"$(inherited)",
					"SWIFT_PACKAGE=1",
					"DEBUG=1",
				);
				IPHONEOS_DEPLOYMENT_TARGET = 10.3;
				MACOSX_DEPLOYMENT_TARGET = 10.10;
				ONLY_ACTIVE_ARCH = YES;
				OTHER_SWIFT_FLAGS = "-DXcode";
				PRODUCT_NAME = "$(TARGET_NAME)";
				SDKROOT = macosx;
				SUPPORTED_PLATFORMS = "macosx iphoneos iphonesimulator appletvos appletvsimulator watchos watchsimulator";
				SWIFT_ACTIVE_COMPILATION_CONDITIONS = "$(inherited) SWIFT_PACKAGE DEBUG";
				SWIFT_OPTIMIZATION_LEVEL = "-Onone";
				USE_HEADERMAP = NO;
			};
			name = Debug;
		};
		OBJ_33 /* Debug */ = {
			isa = XCBuildConfiguration;
			buildSettings = {
			};
			name = Debug;
		};
		OBJ_34 /* Release */ = {
			isa = XCBuildConfiguration;
			buildSettings = {
			};
			name = Release;
		};
		OBJ_38 /* Debug */ = {
			isa = XCBuildConfiguration;
			baseConfigurationReference = 4BE9D68FF795D98A61DD51BB /* Pods-QiitaAPIKitTests.debug.xcconfig */;
			buildSettings = {
				CLANG_ENABLE_MODULES = YES;
				DEVELOPMENT_TEAM = DFY27HWN2G;
				EMBEDDED_CONTENT_CONTAINS_SWIFT = YES;
				FRAMEWORK_SEARCH_PATHS = (
					"$(inherited)",
					"$(PLATFORM_DIR)/Developer/Library/Frameworks",
				);
				HEADER_SEARCH_PATHS = "$(inherited)";
				INFOPLIST_FILE = QiitaAPIKit.xcodeproj/QiitaAPIKitTests_Info.plist;
				IPHONEOS_DEPLOYMENT_TARGET = 10.3;
				LD_RUNPATH_SEARCH_PATHS = "$(inherited) @loader_path/../Frameworks @loader_path/Frameworks";
				OTHER_CFLAGS = "$(inherited)";
				OTHER_LDFLAGS = "$(inherited)";
				OTHER_SWIFT_FLAGS = "$(inherited)";
				SWIFT_ACTIVE_COMPILATION_CONDITIONS = "$(inherited)";
				SWIFT_VERSION = 5.0;
				TARGET_NAME = QiitaAPIKitTests;
			};
			name = Debug;
		};
		OBJ_39 /* Release */ = {
			isa = XCBuildConfiguration;
			baseConfigurationReference = EAF0720F2F8179955A9B586F /* Pods-QiitaAPIKitTests.release.xcconfig */;
			buildSettings = {
				CLANG_ENABLE_MODULES = YES;
				DEVELOPMENT_TEAM = DFY27HWN2G;
				EMBEDDED_CONTENT_CONTAINS_SWIFT = YES;
				FRAMEWORK_SEARCH_PATHS = (
					"$(inherited)",
					"$(PLATFORM_DIR)/Developer/Library/Frameworks",
				);
				HEADER_SEARCH_PATHS = "$(inherited)";
				INFOPLIST_FILE = QiitaAPIKit.xcodeproj/QiitaAPIKitTests_Info.plist;
				IPHONEOS_DEPLOYMENT_TARGET = 10.3;
				LD_RUNPATH_SEARCH_PATHS = "$(inherited) @loader_path/../Frameworks @loader_path/Frameworks";
				OTHER_CFLAGS = "$(inherited)";
				OTHER_LDFLAGS = "$(inherited)";
				OTHER_SWIFT_FLAGS = "$(inherited)";
				SWIFT_ACTIVE_COMPILATION_CONDITIONS = "$(inherited)";
				SWIFT_VERSION = 5.0;
				TARGET_NAME = QiitaAPIKitTests;
			};
			name = Release;
		};
		OBJ_4 /* Release */ = {
			isa = XCBuildConfiguration;
			buildSettings = {
				CLANG_ENABLE_OBJC_ARC = YES;
				COMBINE_HIDPI_IMAGES = YES;
				COPY_PHASE_STRIP = YES;
				DEBUG_INFORMATION_FORMAT = "dwarf-with-dsym";
				DYLIB_INSTALL_NAME_BASE = "@rpath";
				GCC_OPTIMIZATION_LEVEL = s;
				GCC_PREPROCESSOR_DEFINITIONS = (
					"$(inherited)",
					"SWIFT_PACKAGE=1",
				);
				IPHONEOS_DEPLOYMENT_TARGET = 10.3;
				MACOSX_DEPLOYMENT_TARGET = 10.10;
				OTHER_SWIFT_FLAGS = "-DXcode";
				PRODUCT_NAME = "$(TARGET_NAME)";
				SDKROOT = macosx;
				SUPPORTED_PLATFORMS = "macosx iphoneos iphonesimulator appletvos appletvsimulator watchos watchsimulator";
				SWIFT_ACTIVE_COMPILATION_CONDITIONS = "$(inherited) SWIFT_PACKAGE";
				SWIFT_OPTIMIZATION_LEVEL = "-Owholemodule";
				USE_HEADERMAP = NO;
			};
			name = Release;
		};
/* End XCBuildConfiguration section */

/* Begin XCConfigurationList section */
		OBJ_19 /* Build configuration list for PBXNativeTarget "QiitaAPIKit" */ = {
			isa = XCConfigurationList;
			buildConfigurations = (
				OBJ_20 /* Debug */,
				OBJ_21 /* Release */,
			);
			defaultConfigurationIsVisible = 0;
			defaultConfigurationName = Release;
		};
		OBJ_2 /* Build configuration list for PBXProject "QiitaAPIKit" */ = {
			isa = XCConfigurationList;
			buildConfigurations = (
				OBJ_3 /* Debug */,
				OBJ_4 /* Release */,
			);
			defaultConfigurationIsVisible = 0;
			defaultConfigurationName = Release;
		};
		OBJ_26 /* Build configuration list for PBXNativeTarget "QiitaAPIKitPackageDescription" */ = {
			isa = XCConfigurationList;
			buildConfigurations = (
				OBJ_27 /* Debug */,
				OBJ_28 /* Release */,
			);
			defaultConfigurationIsVisible = 0;
			defaultConfigurationName = Release;
		};
		OBJ_32 /* Build configuration list for PBXAggregateTarget "QiitaAPIKitPackageTests" */ = {
			isa = XCConfigurationList;
			buildConfigurations = (
				OBJ_33 /* Debug */,
				OBJ_34 /* Release */,
			);
			defaultConfigurationIsVisible = 0;
			defaultConfigurationName = Release;
		};
		OBJ_37 /* Build configuration list for PBXNativeTarget "QiitaAPIKitTests" */ = {
			isa = XCConfigurationList;
			buildConfigurations = (
				OBJ_38 /* Debug */,
				OBJ_39 /* Release */,
			);
			defaultConfigurationIsVisible = 0;
			defaultConfigurationName = Release;
		};
/* End XCConfigurationList section */
	};
	rootObject = OBJ_1 /* Project object */;
}
